
Microsoft Visual Studio Solution File, Format Version 12.00
# Visual Studio Version 17
VisualStudioVersion = 17.0.32126.317
MinimumVisualStudioVersion = 10.0.40219.1
Project("{FAE04EC0-301F-11D3-BF4B-00C04F79EFBC}") = "Les01", "Les01\Les01.csproj", "{8BDDEC50-5D08-4F14-8E50-BBFA9715F26B}"
EndProject
Global
	GlobalSection(SolutionConfigurationPlatforms) = preSolution
		Debug|Any CPU = Debug|Any CPU
		Release|Any CPU = Release|Any CPU
	EndGlobalSection
	GlobalSection(ProjectConfigurationPlatforms) = postSolution
		{8BDDEC50-5D08-4F14-8E50-BBFA9715F26B}.Debug|Any CPU.ActiveCfg = Debug|Any CPU
		{8BDDEC50-5D08-4F14-8E50-BBFA9715F26B}.Debug|Any CPU.Build.0 = Debug|Any CPU
		{8BDDEC50-5D08-4F14-8E50-BBFA9715F26B}.Release|Any CPU.ActiveCfg = Release|Any CPU
		{8BDDEC50-5D08-4F14-8E50-BBFA9715F26B}.Release|Any CPU.Build.0 = Release|Any CPU
	EndGlobalSection
	GlobalSection(SolutionProperties) = preSolution
		HideSolutionNode = FALSE
	EndGlobalSection
	GlobalSection(ExtensibilityGlobals) = postSolution
		SolutionGuid = {E42220C9-5C0C-444E-94F1-8B996EEAD2DD}
	EndGlobalSection
EndGlobal
